
Microsoft Visual Studio Solution File, Format Version 12.00
# Visual Studio Version 17
VisualStudioVersion = 17.0.31903.59
MinimumVisualStudioVersion = 10.0.40219.1
Project("{2150E333-8FDC-42A3-9474-1A3956D46DE8}") = "C#", "C#", "{CC24DB1C-0A5B-4937-8C00-31A0D1207F2E}"
EndProject
Project("{FAE04EC0-301F-11D3-BF4B-00C04F79EFBC}") = "WebApplication1", "C#\WebApplication1\WebApplication1.csproj", "{165CDB4C-249C-438B-8622-91879A9A2824}"
EndProject
Global
	GlobalSection(SolutionConfigurationPlatforms) = preSolution
		Debug|Any CPU = Debug|Any CPU
		Release|Any CPU = Release|Any CPU
	EndGlobalSection
	GlobalSection(SolutionProperties) = preSolution
		HideSolutionNode = FALSE
	EndGlobalSection
	GlobalSection(ProjectConfigurationPlatforms) = postSolution
		{165CDB4C-249C-438B-8622-91879A9A2824}.Debug|Any CPU.ActiveCfg = Debug|Any CPU
		{165CDB4C-249C-438B-8622-91879A9A2824}.Debug|Any CPU.Build.0 = Debug|Any CPU
		{165CDB4C-249C-438B-8622-91879A9A2824}.Release|Any CPU.ActiveCfg = Release|Any CPU
		{165CDB4C-249C-438B-8622-91879A9A2824}.Release|Any CPU.Build.0 = Release|Any CPU
	EndGlobalSection
	GlobalSection(NestedProjects) = preSolution
		{165CDB4C-249C-438B-8622-91879A9A2824} = {CC24DB1C-0A5B-4937-8C00-31A0D1207F2E}
	EndGlobalSection
EndGlobal
